Microsoft Visual Studio Solution File, Format Version 12.00
# Visual Studio Version 17
VisualStudioVersion = 17.5.2.0
MinimumVisualStudioVersion = 10.0.40219.1
Project("{FAE04EC0-301F-11D3-BF4B-00C04F79EFBC}") = "StructuredStreaming.Tests", "StructuredStreaming.Tests\StructuredStreaming.Tests.csproj", "{C88EDFF1-B4C1-8537-1198-97AB0F52AA28}"
EndProject
Project("{FAE04EC0-301F-11D3-BF4B-00C04F79EFBC}") = "StructuredStreaming.Core", "StructuredStreaming.Core\StructuredStreaming.Core.csproj", "{AF14A20E-8143-4C1A-99C4-B70C9DC83D83}"
EndProject
Project("{FAE04EC0-301F-11D3-BF4B-00C04F79EFBC}") = "StructuredStreaming.Sample", "StructuredStreaming.Sample\StructuredStreaming.Sample.csproj", "{B1E8577B-65AF-4E59-BF80-3908FD057FAD}"
EndProject
Global
	GlobalSection(SolutionConfigurationPlatforms) = preSolution
		Debug|Any CPU = Debug|Any CPU
		Release|Any CPU = Release|Any CPU
	EndGlobalSection
	GlobalSection(ProjectConfigurationPlatforms) = postSolution
		{C88EDFF1-B4C1-8537-1198-97AB0F52AA28}.Debug|Any CPU.ActiveCfg = Debug|Any CPU
		{C88EDFF1-B4C1-8537-1198-97AB0F52AA28}.Debug|Any CPU.Build.0 = Debug|Any CPU
		{C88EDFF1-B4C1-8537-1198-97AB0F52AA28}.Release|Any CPU.ActiveCfg = Release|Any CPU
		{C88EDFF1-B4C1-8537-1198-97AB0F52AA28}.Release|Any CPU.Build.0 = Release|Any CPU
		{AF14A20E-8143-4C1A-99C4-B70C9DC83D83}.Debug|Any CPU.ActiveCfg = Debug|Any CPU
		{AF14A20E-8143-4C1A-99C4-B70C9DC83D83}.Debug|Any CPU.Build.0 = Debug|Any CPU
		{AF14A20E-8143-4C1A-99C4-B70C9DC83D83}.Release|Any CPU.ActiveCfg = Release|Any CPU
		{AF14A20E-8143-4C1A-99C4-B70C9DC83D83}.Release|Any CPU.Build.0 = Release|Any CPU
		{B1E8577B-65AF-4E59-BF80-3908FD057FAD}.Debug|Any CPU.ActiveCfg = Debug|Any CPU
		{B1E8577B-65AF-4E59-BF80-3908FD057FAD}.Debug|Any CPU.Build.0 = Debug|Any CPU
		{B1E8577B-65AF-4E59-BF80-3908FD057FAD}.Release|Any CPU.ActiveCfg = Release|Any CPU
		{B1E8577B-65AF-4E59-BF80-3908FD057FAD}.Release|Any CPU.Build.0 = Release|Any CPU
	EndGlobalSection
	GlobalSection(SolutionProperties) = preSolution
		HideSolutionNode = FALSE
	EndGlobalSection
	GlobalSection(ExtensibilityGlobals) = postSolution
		SolutionGuid = {71AB1019-354C-44A5-8E7C-F9B9F59235A1}
	EndGlobalSection
EndGlobal
